
Microsoft Visual Studio Solution File, Format Version 12.00
# Visual Studio Version 16
VisualStudioVersion = 16.0.31624.102
MinimumVisualStudioVersion = 10.0.40219.1
Project("{FAE04EC0-301F-11D3-BF4B-00C04F79EFBC}") = "Task_A01", "Task_A01\Task_A01.csproj", "{A96FAAE1-764E-48C0-8FB8-0A3B630F1F22}"
EndProject
Project("{FAE04EC0-301F-11D3-BF4B-00C04F79EFBC}") = "Task_A02", "Task_A02\Task_A02.csproj", "{17A5600C-8889-40F5-A4E5-8BA2AC46F78C}"
EndProject
Project("{FAE04EC0-301F-11D3-BF4B-00C04F79EFBC}") = "Task_A03", "Task_A03\Task_A03.csproj", "{A42A5D3B-45D8-454F-BCF1-A72E55C37D63}"
EndProject
Project("{FAE04EC0-301F-11D3-BF4B-00C04F79EFBC}") = "Task_A04", "Task_A04\Task_A04.csproj", "{A0AAA1DB-DBF3-44A7-874E-24D65EB3D09B}"
EndProject
Project("{FAE04EC0-301F-11D3-BF4B-00C04F79EFBC}") = "Task_A05", "Task_A05\Task_A05.csproj", "{687C1122-CD64-4BBC-BC19-D86AF1F1342B}"
EndProject
Project("{FAE04EC0-301F-11D3-BF4B-00C04F79EFBC}") = "Task_A06", "Task_A06\Task_A06.csproj", "{4447F49B-1316-4D4D-9BF9-79D938ABBCE6}"
EndProject
Project("{FAE04EC0-301F-11D3-BF4B-00C04F79EFBC}") = "Task_A07", "Task_A07\Task_A07.csproj", "{F4ADF1CD-D54A-4072-9D8E-EBB272DDD9D8}"
EndProject
Project("{FAE04EC0-301F-11D3-BF4B-00C04F79EFBC}") = "Task_A08", "Task_A08\Task_A08.csproj", "{A3540EAD-FAAE-4B5C-929C-0605C9847DBE}"
EndProject
Project("{FAE04EC0-301F-11D3-BF4B-00C04F79EFBC}") = "Task_A09", "Task_A09\Task_A09.csproj", "{867350A6-F229-413B-9096-EB49F70104AD}"
EndProject
Project("{FAE04EC0-301F-11D3-BF4B-00C04F79EFBC}") = "Task_A11", "Task_A11\Task_A11.csproj", "{B2B09195-6873-48C1-847F-4765172D1FC1}"
EndProject
Global
	GlobalSection(SolutionConfigurationPlatforms) = preSolution
		Debug|Any CPU = Debug|Any CPU
		Release|Any CPU = Release|Any CPU
	EndGlobalSection
	GlobalSection(ProjectConfigurationPlatforms) = postSolution
		{A96FAAE1-764E-48C0-8FB8-0A3B630F1F22}.Debug|Any CPU.ActiveCfg = Debug|Any CPU
		{A96FAAE1-764E-48C0-8FB8-0A3B630F1F22}.Debug|Any CPU.Build.0 = Debug|Any CPU
		{A96FAAE1-764E-48C0-8FB8-0A3B630F1F22}.Release|Any CPU.ActiveCfg = Release|Any CPU
		{A96FAAE1-764E-48C0-8FB8-0A3B630F1F22}.Release|Any CPU.Build.0 = Release|Any CPU
		{17A5600C-8889-40F5-A4E5-8BA2AC46F78C}.Debug|Any CPU.ActiveCfg = Debug|Any CPU
		{17A5600C-8889-40F5-A4E5-8BA2AC46F78C}.Debug|Any CPU.Build.0 = Debug|Any CPU
		{17A5600C-8889-40F5-A4E5-8BA2AC46F78C}.Release|Any CPU.ActiveCfg = Release|Any CPU
		{17A5600C-8889-40F5-A4E5-8BA2AC46F78C}.Release|Any CPU.Build.0 = Release|Any CPU
		{A42A5D3B-45D8-454F-BCF1-A72E55C37D63}.Debug|Any CPU.ActiveCfg = Debug|Any CPU
		{A42A5D3B-45D8-454F-BCF1-A72E55C37D63}.Debug|Any CPU.Build.0 = Debug|Any CPU
		{A42A5D3B-45D8-454F-BCF1-A72E55C37D63}.Release|Any CPU.ActiveCfg = Release|Any CPU
		{A42A5D3B-45D8-454F-BCF1-A72E55C37D63}.Release|Any CPU.Build.0 = Release|Any CPU
		{A0AAA1DB-DBF3-44A7-874E-24D65EB3D09B}.Debug|Any CPU.ActiveCfg = Debug|Any CPU
		{A0AAA1DB-DBF3-44A7-874E-24D65EB3D09B}.Debug|Any CPU.Build.0 = Debug|Any CPU
		{A0AAA1DB-DBF3-44A7-874E-24D65EB3D09B}.Release|Any CPU.ActiveCfg = Release|Any CPU
		{A0AAA1DB-DBF3-44A7-874E-24D65EB3D09B}.Release|Any CPU.Build.0 = Release|Any CPU
		{687C1122-CD64-4BBC-BC19-D86AF1F1342B}.Debug|Any CPU.ActiveCfg = Debug|Any CPU
		{687C1122-CD64-4BBC-BC19-D86AF1F1342B}.Debug|Any CPU.Build.0 = Debug|Any CPU
		{687C1122-CD64-4BBC-BC19-D86AF1F1342B}.Release|Any CPU.ActiveCfg = Release|Any CPU
		{687C1122-CD64-4BBC-BC19-D86AF1F1342B}.Release|Any CPU.Build.0 = Release|Any CPU
		{4447F49B-1316-4D4D-9BF9-79D938ABBCE6}.Debug|Any CPU.ActiveCfg = Debug|Any CPU
		{4447F49B-1316-4D4D-9BF9-79D938ABBCE6}.Debug|Any CPU.Build.0 = Debug|Any CPU
		{4447F49B-1316-4D4D-9BF9-79D938ABBCE6}.Release|Any CPU.ActiveCfg = Release|Any CPU
		{4447F49B-1316-4D4D-9BF9-79D938ABBCE6}.Release|Any CPU.Build.0 = Release|Any CPU
		{F4ADF1CD-D54A-4072-9D8E-EBB272DDD9D8}.Debug|Any CPU.ActiveCfg = Debug|Any CPU
		{F4ADF1CD-D54A-4072-9D8E-EBB272DDD9D8}.Debug|Any CPU.Build.0 = Debug|Any CPU
		{F4ADF1CD-D54A-4072-9D8E-EBB272DDD9D8}.Release|Any CPU.ActiveCfg = Release|Any CPU
		{F4ADF1CD-D54A-4072-9D8E-EBB272DDD9D8}.Release|Any CPU.Build.0 = Release|Any CPU
		{A3540EAD-FAAE-4B5C-929C-0605C9847DBE}.Debug|Any CPU.ActiveCfg = Debug|Any CPU
		{A3540EAD-FAAE-4B5C-929C-0605C9847DBE}.Debug|Any CPU.Build.0 = Debug|Any CPU
		{A3540EAD-FAAE-4B5C-929C-0605C9847DBE}.Release|Any CPU.ActiveCfg = Release|Any CPU
		{A3540EAD-FAAE-4B5C-929C-0605C9847DBE}.Release|Any CPU.Build.0 = Release|Any CPU
		{867350A6-F229-413B-9096-EB49F70104AD}.Debug|Any CPU.ActiveCfg = Debug|Any CPU
		{867350A6-F229-413B-9096-EB49F70104AD}.Debug|Any CPU.Build.0 = Debug|Any CPU
		{867350A6-F229-413B-9096-EB49F70104AD}.Release|Any CPU.ActiveCfg = Release|Any CPU
		{867350A6-F229-413B-9096-EB49F70104AD}.Release|Any CPU.Build.0 = Release|Any CPU
		{B2B09195-6873-48C1-847F-4765172D1FC1}.Debug|Any CPU.ActiveCfg = Debug|Any CPU
		{B2B09195-6873-48C1-847F-4765172D1FC1}.Debug|Any CPU.Build.0 = Debug|Any CPU
		{B2B09195-6873-48C1-847F-4765172D1FC1}.Release|Any CPU.ActiveCfg = Release|Any CPU
		{B2B09195-6873-48C1-847F-4765172D1FC1}.Release|Any CPU.Build.0 = Release|Any CPU
	EndGlobalSection
	GlobalSection(SolutionProperties) = preSolution
		HideSolutionNode = FALSE
	EndGlobalSection
	GlobalSection(ExtensibilityGlobals) = postSolution
		SolutionGuid = {C2180EB0-1709-4A28-B44D-8B01DA38C5AA}
	EndGlobalSection
EndGlobal
